
Microsoft Visual Studio Solution File, Format Version 12.00
# Visual Studio 15
VisualStudioVersion = 15.0.26430.14
MinimumVisualStudioVersion = 10.0.40219.1
Project("{FAE04EC0-301F-11D3-BF4B-00C04F79EFBC}") = "Xamarin_BingImageSearch_Sample.Android", "Xamarin_BingImageSearch_Sample\Xamarin_BingImageSearch_Sample.Android\Xamarin_BingImageSearch_Sample.Android.csproj", "{D363DE5A-B2A5-4476-AEC6-467D2964F944}"
EndProject
Project("{FAE04EC0-301F-11D3-BF4B-00C04F79EFBC}") = "Xamarin_BingImageSearch_Sample", "Xamarin_BingImageSearch_Sample\Xamarin_BingImageSearch_Sample\Xamarin_BingImageSearch_Sample.csproj", "{1180ED0F-616E-4446-B388-0B816B3BB243}"
EndProject
Project("{FAE04EC0-301F-11D3-BF4B-00C04F79EFBC}") = "Xamarin_BingImageSearch_Sample.UWP", "Xamarin_BingImageSearch_Sample\Xamarin_BingImageSearch_Sample.UWP\Xamarin_BingImageSearch_Sample.UWP.csproj", "{7D97C84A-25B6-4274-BA5B-ADF0870E03FB}"
EndProject
Project("{FAE04EC0-301F-11D3-BF4B-00C04F79EFBC}") = "Xamarin_BingImageSearch_Sample.iOS", "Xamarin_BingImageSearch_Sample\Xamarin_BingImageSearch_Sample.iOS\Xamarin_BingImageSearch_Sample.iOS.csproj", "{F2F1410B-E876-4502-AA91-4508F3BC63DC}"
EndProject
Project("{FAE04EC0-301F-11D3-BF4B-00C04F79EFBC}") = "Xamarin_BingImageSearch.Bing", "Xamarin_BingImageSearch.Bing\Xamarin_BingImageSearch.Bing.csproj", "{E8542C3B-8A8F-4D7F-BA98-73D8F5CC9658}"
EndProject
Global
	GlobalSection(SolutionConfigurationPlatforms) = preSolution
		Ad-Hoc|Any CPU = Ad-Hoc|Any CPU
		Ad-Hoc|ARM = Ad-Hoc|ARM
		Ad-Hoc|iPhone = Ad-Hoc|iPhone
		Ad-Hoc|iPhoneSimulator = Ad-Hoc|iPhoneSimulator
		Ad-Hoc|x64 = Ad-Hoc|x64
		Ad-Hoc|x86 = Ad-Hoc|x86
		AppStore|Any CPU = AppStore|Any CPU
		AppStore|ARM = AppStore|ARM
		AppStore|iPhone = AppStore|iPhone
		AppStore|iPhoneSimulator = AppStore|iPhoneSimulator
		AppStore|x64 = AppStore|x64
		AppStore|x86 = AppStore|x86
		Debug|Any CPU = Debug|Any CPU
		Debug|ARM = Debug|ARM
		Debug|iPhone = Debug|iPhone
		Debug|iPhoneSimulator = Debug|iPhoneSimulator
		Debug|x64 = Debug|x64
		Debug|x86 = Debug|x86
		Release|Any CPU = Release|Any CPU
		Release|ARM = Release|ARM
		Release|iPhone = Release|iPhone
		Release|iPhoneSimulator = Release|iPhoneSimulator
		Release|x64 = Release|x64
		Release|x86 = Release|x86
	EndGlobalSection
	GlobalSection(ProjectConfigurationPlatforms) = postSolution
		{D363DE5A-B2A5-4476-AEC6-467D2964F944}.Ad-Hoc|Any CPU.ActiveCfg = Release|Any CPU
		{D363DE5A-B2A5-4476-AEC6-467D2964F944}.Ad-Hoc|Any CPU.Build.0 = Release|Any CPU
		{D363DE5A-B2A5-4476-AEC6-467D2964F944}.Ad-Hoc|Any CPU.Deploy.0 = Release|Any CPU
		{D363DE5A-B2A5-4476-AEC6-467D2964F944}.Ad-Hoc|ARM.ActiveCfg = Release|Any CPU
		{D363DE5A-B2A5-4476-AEC6-467D2964F944}.Ad-Hoc|ARM.Build.0 = Release|Any CPU
		{D363DE5A-B2A5-4476-AEC6-467D2964F944}.Ad-Hoc|ARM.Deploy.0 = Release|Any CPU
		{D363DE5A-B2A5-4476-AEC6-467D2964F944}.Ad-Hoc|iPhone.ActiveCfg = Release|Any CPU
		{D363DE5A-B2A5-4476-AEC6-467D2964F944}.Ad-Hoc|iPhone.Build.0 = Release|Any CPU
		{D363DE5A-B2A5-4476-AEC6-467D2964F944}.Ad-Hoc|iPhone.Deploy.0 = Release|Any CPU
		{D363DE5A-B2A5-4476-AEC6-467D2964F944}.Ad-Hoc|iPhoneSimulator.ActiveCfg = Release|Any CPU
		{D363DE5A-B2A5-4476-AEC6-467D2964F944}.Ad-Hoc|iPhoneSimulator.Build.0 = Release|Any CPU
		{D363DE5A-B2A5-4476-AEC6-467D2964F944}.Ad-Hoc|iPhoneSimulator.Deploy.0 = Release|Any CPU
		{D363DE5A-B2A5-4476-AEC6-467D2964F944}.Ad-Hoc|x64.ActiveCfg = Release|Any CPU
		{D363DE5A-B2A5-4476-AEC6-467D2964F944}.Ad-Hoc|x64.Build.0 = Release|Any CPU
		{D363DE5A-B2A5-4476-AEC6-467D2964F944}.Ad-Hoc|x64.Deploy.0 = Release|Any CPU
		{D363DE5A-B2A5-4476-AEC6-467D2964F944}.Ad-Hoc|x86.ActiveCfg = Release|Any CPU
		{D363DE5A-B2A5-4476-AEC6-467D2964F944}.Ad-Hoc|x86.Build.0 = Release|Any CPU
		{D363DE5A-B2A5-4476-AEC6-467D2964F944}.Ad-Hoc|x86.Deploy.0 = Release|Any CPU
		{D363DE5A-B2A5-4476-AEC6-467D2964F944}.AppStore|Any CPU.ActiveCfg = Release|Any CPU
		{D363DE5A-B2A5-4476-AEC6-467D2964F944}.AppStore|Any CPU.Build.0 = Release|Any CPU
		{D363DE5A-B2A5-4476-AEC6-467D2964F944}.AppStore|Any CPU.Deploy.0 = Release|Any CPU
		{D363DE5A-B2A5-4476-AEC6-467D2964F944}.AppStore|ARM.ActiveCfg = Release|Any CPU
		{D363DE5A-B2A5-4476-AEC6-467D2964F944}.AppStore|ARM.Build.0 = Release|Any CPU
		{D363DE5A-B2A5-4476-AEC6-467D2964F944}.AppStore|ARM.Deploy.0 = Release|Any CPU
		{D363DE5A-B2A5-4476-AEC6-467D2964F944}.AppStore|iPhone.ActiveCfg = Release|Any CPU
		{D363DE5A-B2A5-4476-AEC6-467D2964F944}.AppStore|iPhone.Build.0 = Release|Any CPU
		{D363DE5A-B2A5-4476-AEC6-467D2964F944}.AppStore|iPhone.Deploy.0 = Release|Any CPU
		{D363DE5A-B2A5-4476-AEC6-467D2964F944}.AppStore|iPhoneSimulator.ActiveCfg = Release|Any CPU
		{D363DE5A-B2A5-4476-AEC6-467D2964F944}.AppStore|iPhoneSimulator.Build.0 = Release|Any CPU
		{D363DE5A-B2A5-4476-AEC6-467D2964F944}.AppStore|iPhoneSimulator.Deploy.0 = Release|Any CPU
		{D363DE5A-B2A5-4476-AEC6-467D2964F944}.AppStore|x64.ActiveCfg = Release|Any CPU
		{D363DE5A-B2A5-4476-AEC6-467D2964F944}.AppStore|x64.Build.0 = Release|Any CPU
		{D363DE5A-B2A5-4476-AEC6-467D2964F944}.AppStore|x64.Deploy.0 = Release|Any CPU
		{D363DE5A-B2A5-4476-AEC6-467D2964F944}.AppStore|x86.ActiveCfg = Release|Any CPU
		{D363DE5A-B2A5-4476-AEC6-467D2964F944}.AppStore|x86.Build.0 = Release|Any CPU
		{D363DE5A-B2A5-4476-AEC6-467D2964F944}.AppStore|x86.Deploy.0 = Release|Any CPU
		{D363DE5A-B2A5-4476-AEC6-467D2964F944}.Debug|Any CPU.ActiveCfg = Debug|Any CPU
		{D363DE5A-B2A5-4476-AEC6-467D2964F944}.Debug|Any CPU.Build.0 = Debug|Any CPU
		{D363DE5A-B2A5-4476-AEC6-467D2964F944}.Debug|Any CPU.Deploy.0 = Debug|Any CPU
		{D363DE5A-B2A5-4476-AEC6-467D2964F944}.Debug|ARM.ActiveCfg = Debug|Any CPU
		{D363DE5A-B2A5-4476-AEC6-467D2964F944}.Debug|ARM.Build.0 = Debug|Any CPU
		{D363DE5A-B2A5-4476-AEC6-467D2964F944}.Debug|ARM.Deploy.0 = Debug|Any CPU
		{D363DE5A-B2A5-4476-AEC6-467D2964F944}.Debug|iPhone.ActiveCfg = Debug|Any CPU
		{D363DE5A-B2A5-4476-AEC6-467D2964F944}.Debug|iPhone.Build.0 = Debug|Any CPU
		{D363DE5A-B2A5-4476-AEC6-467D2964F944}.Debug|iPhone.Deploy.0 = Debug|Any CPU
		{D363DE5A-B2A5-4476-AEC6-467D2964F944}.Debug|iPhoneSimulator.ActiveCfg = Debug|Any CPU
		{D363DE5A-B2A5-4476-AEC6-467D2964F944}.Debug|iPhoneSimulator.Build.0 = Debug|Any CPU
		{D363DE5A-B2A5-4476-AEC6-467D2964F944}.Debug|iPhoneSimulator.Deploy.0 = Debug|Any CPU
		{D363DE5A-B2A5-4476-AEC6-467D2964F944}.Debug|x64.ActiveCfg = Debug|Any CPU
		{D363DE5A-B2A5-4476-AEC6-467D2964F944}.Debug|x64.Build.0 = Debug|Any CPU
		{D363DE5A-B2A5-4476-AEC6-467D2964F944}.Debug|x64.Deploy.0 = Debug|Any CPU
		{D363DE5A-B2A5-4476-AEC6-467D2964F944}.Debug|x86.ActiveCfg = Debug|Any CPU
		{D363DE5A-B2A5-4476-AEC6-467D2964F944}.Debug|x86.Build.0 = Debug|Any CPU
		{D363DE5A-B2A5-4476-AEC6-467D2964F944}.Debug|x86.Deploy.0 = Debug|Any CPU
		{D363DE5A-B2A5-4476-AEC6-467D2964F944}.Release|Any CPU.ActiveCfg = Release|Any CPU
		{D363DE5A-B2A5-4476-AEC6-467D2964F944}.Release|Any CPU.Build.0 = Release|Any CPU
		{D363DE5A-B2A5-4476-AEC6-467D2964F944}.Release|Any CPU.Deploy.0 = Release|Any CPU
		{D363DE5A-B2A5-4476-AEC6-467D2964F944}.Release|ARM.ActiveCfg = Release|Any CPU
		{D363DE5A-B2A5-4476-AEC6-467D2964F944}.Release|ARM.Build.0 = Release|Any CPU
		{D363DE5A-B2A5-4476-AEC6-467D2964F944}.Release|ARM.Deploy.0 = Release|Any CPU
		{D363DE5A-B2A5-4476-AEC6-467D2964F944}.Release|iPhone.ActiveCfg = Release|Any CPU
		{D363DE5A-B2A5-4476-AEC6-467D2964F944}.Release|iPhone.Build.0 = Release|Any CPU
		{D363DE5A-B2A5-4476-AEC6-467D2964F944}.Release|iPhone.Deploy.0 = Release|Any CPU
		{D363DE5A-B2A5-4476-AEC6-467D2964F944}.Release|iPhoneSimulator.ActiveCfg = Release|Any CPU
		{D363DE5A-B2A5-4476-AEC6-467D2964F944}.Release|iPhoneSimulator.Build.0 = Release|Any CPU
		{D363DE5A-B2A5-4476-AEC6-467D2964F944}.Release|iPhoneSimulator.Deploy.0 = Release|Any CPU
		{D363DE5A-B2A5-4476-AEC6-467D2964F944}.Release|x64.ActiveCfg = Release|Any CPU
		{D363DE5A-B2A5-4476-AEC6-467D2964F944}.Release|x64.Build.0 = Release|Any CPU
		{D363DE5A-B2A5-4476-AEC6-467D2964F944}.Release|x64.Deploy.0 = Release|Any CPU
		{D363DE5A-B2A5-4476-AEC6-467D2964F944}.Release|x86.ActiveCfg = Release|Any CPU
		{D363DE5A-B2A5-4476-AEC6-467D2964F944}.Release|x86.Build.0 = Release|Any CPU
		{D363DE5A-B2A5-4476-AEC6-467D2964F944}.Release|x86.Deploy.0 = Release|Any CPU
		{1180ED0F-616E-4446-B388-0B816B3BB243}.Ad-Hoc|Any CPU.ActiveCfg = Release|Any CPU
		{1180ED0F-616E-4446-B388-0B816B3BB243}.Ad-Hoc|Any CPU.Build.0 = Release|Any CPU
		{1180ED0F-616E-4446-B388-0B816B3BB243}.Ad-Hoc|ARM.ActiveCfg = Release|Any CPU
		{1180ED0F-616E-4446-B388-0B816B3BB243}.Ad-Hoc|ARM.Build.0 = Release|Any CPU
		{1180ED0F-616E-4446-B388-0B816B3BB243}.Ad-Hoc|iPhone.ActiveCfg = Release|Any CPU
		{1180ED0F-616E-4446-B388-0B816B3BB243}.Ad-Hoc|iPhone.Build.0 = Release|Any CPU
		{1180ED0F-616E-4446-B388-0B816B3BB243}.Ad-Hoc|iPhoneSimulator.ActiveCfg = Release|Any CPU
		{1180ED0F-616E-4446-B388-0B816B3BB243}.Ad-Hoc|iPhoneSimulator.Build.0 = Release|Any CPU
		{1180ED0F-616E-4446-B388-0B816B3BB243}.Ad-Hoc|x64.ActiveCfg = Release|Any CPU
		{1180ED0F-616E-4446-B388-0B816B3BB243}.Ad-Hoc|x64.Build.0 = Release|Any CPU
		{1180ED0F-616E-4446-B388-0B816B3BB243}.Ad-Hoc|x86.ActiveCfg = Release|Any CPU
		{1180ED0F-616E-4446-B388-0B816B3BB243}.Ad-Hoc|x86.Build.0 = Release|Any CPU
		{1180ED0F-616E-4446-B388-0B816B3BB243}.AppStore|Any CPU.ActiveCfg = Release|Any CPU
		{1180ED0F-616E-4446-B388-0B816B3BB243}.AppStore|Any CPU.Build.0 = Release|Any CPU
		{1180ED0F-616E-4446-B388-0B816B3BB243}.AppStore|ARM.ActiveCfg = Release|Any CPU
		{1180ED0F-616E-4446-B388-0B816B3BB243}.AppStore|ARM.Build.0 = Release|Any CPU
		{1180ED0F-616E-4446-B388-0B816B3BB243}.AppStore|iPhone.ActiveCfg = Release|Any CPU
		{1180ED0F-616E-4446-B388-0B816B3BB243}.AppStore|iPhone.Build.0 = Release|Any CPU
		{1180ED0F-616E-4446-B388-0B816B3BB243}.AppStore|iPhoneSimulator.ActiveCfg = Release|Any CPU
		{1180ED0F-616E-4446-B388-0B816B3BB243}.AppStore|iPhoneSimulator.Build.0 = Release|Any CPU
		{1180ED0F-616E-4446-B388-0B816B3BB243}.AppStore|x64.ActiveCfg = Release|Any CPU
		{1180ED0F-616E-4446-B388-0B816B3BB243}.AppStore|x64.Build.0 = Release|Any CPU
		{1180ED0F-616E-4446-B388-0B816B3BB243}.AppStore|x86.ActiveCfg = Release|Any CPU
		{1180ED0F-616E-4446-B388-0B816B3BB243}.AppStore|x86.Build.0 = Release|Any CPU
		{1180ED0F-616E-4446-B388-0B816B3BB243}.Debug|Any CPU.ActiveCfg = Debug|Any CPU
		{1180ED0F-616E-4446-B388-0B816B3BB243}.Debug|Any CPU.Build.0 = Debug|Any CPU
		{1180ED0F-616E-4446-B388-0B816B3BB243}.Debug|ARM.ActiveCfg = Debug|Any CPU
		{1180ED0F-616E-4446-B388-0B816B3BB243}.Debug|ARM.Build.0 = Debug|Any CPU
		{1180ED0F-616E-4446-B388-0B816B3BB243}.Debug|iPhone.ActiveCfg = Debug|Any CPU
		{1180ED0F-616E-4446-B388-0B816B3BB243}.Debug|iPhone.Build.0 = Debug|Any CPU
		{1180ED0F-616E-4446-B388-0B816B3BB243}.Debug|iPhoneSimulator.ActiveCfg = Debug|Any CPU
		{1180ED0F-616E-4446-B388-0B816B3BB243}.Debug|iPhoneSimulator.Build.0 = Debug|Any CPU
		{1180ED0F-616E-4446-B388-0B816B3BB243}.Debug|x64.ActiveCfg = Debug|Any CPU
		{1180ED0F-616E-4446-B388-0B816B3BB243}.Debug|x64.Build.0 = Debug|Any CPU
		{1180ED0F-616E-4446-B388-0B816B3BB243}.Debug|x86.ActiveCfg = Debug|Any CPU
		{1180ED0F-616E-4446-B388-0B816B3BB243}.Debug|x86.Build.0 = Debug|Any CPU
		{1180ED0F-616E-4446-B388-0B816B3BB243}.Release|Any CPU.ActiveCfg = Release|Any CPU
		{1180ED0F-616E-4446-B388-0B816B3BB243}.Release|Any CPU.Build.0 = Release|Any CPU
		{1180ED0F-616E-4446-B388-0B816B3BB243}.Release|ARM.ActiveCfg = Release|Any CPU
		{1180ED0F-616E-4446-B388-0B816B3BB243}.Release|ARM.Build.0 = Release|Any CPU
		{1180ED0F-616E-4446-B388-0B816B3BB243}.Release|iPhone.ActiveCfg = Release|Any CPU
		{1180ED0F-616E-4446-B388-0B816B3BB243}.Release|iPhone.Build.0 = Release|Any CPU
		{1180ED0F-616E-4446-B388-0B816B3BB243}.Release|iPhoneSimulator.ActiveCfg = Release|Any CPU
		{1180ED0F-616E-4446-B388-0B816B3BB243}.Release|iPhoneSimulator.Build.0 = Release|Any CPU
		{1180ED0F-616E-4446-B388-0B816B3BB243}.Release|x64.ActiveCfg = Release|Any CPU
		{1180ED0F-616E-4446-B388-0B816B3BB243}.Release|x64.Build.0 = Release|Any CPU
		{1180ED0F-616E-4446-B388-0B816B3BB243}.Release|x86.ActiveCfg = Release|Any CPU
		{1180ED0F-616E-4446-B388-0B816B3BB243}.Release|x86.Build.0 = Release|Any CPU
		{7D97C84A-25B6-4274-BA5B-ADF0870E03FB}.Ad-Hoc|Any CPU.ActiveCfg = Release|x86
		{7D97C84A-25B6-4274-BA5B-ADF0870E03FB}.Ad-Hoc|Any CPU.Build.0 = Release|x86
		{7D97C84A-25B6-4274-BA5B-ADF0870E03FB}.Ad-Hoc|Any CPU.Deploy.0 = Release|x86
		{7D97C84A-25B6-4274-BA5B-ADF0870E03FB}.Ad-Hoc|ARM.ActiveCfg = Release|ARM
		{7D97C84A-25B6-4274-BA5B-ADF0870E03FB}.Ad-Hoc|ARM.Build.0 = Release|ARM
		{7D97C84A-25B6-4274-BA5B-ADF0870E03FB}.Ad-Hoc|ARM.Deploy.0 = Release|ARM
		{7D97C84A-25B6-4274-BA5B-ADF0870E03FB}.Ad-Hoc|iPhone.ActiveCfg = Release|x86
		{7D97C84A-25B6-4274-BA5B-ADF0870E03FB}.Ad-Hoc|iPhone.Build.0 = Release|x86
		{7D97C84A-25B6-4274-BA5B-ADF0870E03FB}.Ad-Hoc|iPhone.Deploy.0 = Release|x86
		{7D97C84A-25B6-4274-BA5B-ADF0870E03FB}.Ad-Hoc|iPhoneSimulator.ActiveCfg = Release|x86
		{7D97C84A-25B6-4274-BA5B-ADF0870E03FB}.Ad-Hoc|iPhoneSimulator.Build.0 = Release|x86
		{7D97C84A-25B6-4274-BA5B-ADF0870E03FB}.Ad-Hoc|iPhoneSimulator.Deploy.0 = Release|x86
		{7D97C84A-25B6-4274-BA5B-ADF0870E03FB}.Ad-Hoc|x64.ActiveCfg = Release|x64
		{7D97C84A-25B6-4274-BA5B-ADF0870E03FB}.Ad-Hoc|x64.Build.0 = Release|x64
		{7D97C84A-25B6-4274-BA5B-ADF0870E03FB}.Ad-Hoc|x64.Deploy.0 = Release|x64
		{7D97C84A-25B6-4274-BA5B-ADF0870E03FB}.Ad-Hoc|x86.ActiveCfg = Release|x86
		{7D97C84A-25B6-4274-BA5B-ADF0870E03FB}.Ad-Hoc|x86.Build.0 = Release|x86
		{7D97C84A-25B6-4274-BA5B-ADF0870E03FB}.Ad-Hoc|x86.Deploy.0 = Release|x86
		{7D97C84A-25B6-4274-BA5B-ADF0870E03FB}.AppStore|Any CPU.ActiveCfg = Release|x86
		{7D97C84A-25B6-4274-BA5B-ADF0870E03FB}.AppStore|Any CPU.Build.0 = Release|x86
		{7D97C84A-25B6-4274-BA5B-ADF0870E03FB}.AppStore|Any CPU.Deploy.0 = Release|x86
		{7D97C84A-25B6-4274-BA5B-ADF0870E03FB}.AppStore|ARM.ActiveCfg = Release|ARM
		{7D97C84A-25B6-4274-BA5B-ADF0870E03FB}.AppStore|ARM.Build.0 = Release|ARM
		{7D97C84A-25B6-4274-BA5B-ADF0870E03FB}.AppStore|ARM.Deploy.0 = Release|ARM
		{7D97C84A-25B6-4274-BA5B-ADF0870E03FB}.AppStore|iPhone.ActiveCfg = Release|x86
		{7D97C84A-25B6-4274-BA5B-ADF0870E03FB}.AppStore|iPhone.Build.0 = Release|x86
		{7D97C84A-25B6-4274-BA5B-ADF0870E03FB}.AppStore|iPhone.Deploy.0 = Release|x86
		{7D97C84A-25B6-4274-BA5B-ADF0870E03FB}.AppStore|iPhoneSimulator.ActiveCfg = Release|x86
		{7D97C84A-25B6-4274-BA5B-ADF0870E03FB}.AppStore|iPhoneSimulator.Build.0 = Release|x86
		{7D97C84A-25B6-4274-BA5B-ADF0870E03FB}.AppStore|iPhoneSimulator.Deploy.0 = Release|x86
		{7D97C84A-25B6-4274-BA5B-ADF0870E03FB}.AppStore|x64.ActiveCfg = Release|x64
		{7D97C84A-25B6-4274-BA5B-ADF0870E03FB}.AppStore|x64.Build.0 = Release|x64
		{7D97C84A-25B6-4274-BA5B-ADF0870E03FB}.AppStore|x64.Deploy.0 = Release|x64
		{7D97C84A-25B6-4274-BA5B-ADF0870E03FB}.AppStore|x86.ActiveCfg = Release|x86
		{7D97C84A-25B6-4274-BA5B-ADF0870E03FB}.AppStore|x86.Build.0 = Release|x86
		{7D97C84A-25B6-4274-BA5B-ADF0870E03FB}.AppStore|x86.Deploy.0 = Release|x86
		{7D97C84A-25B6-4274-BA5B-ADF0870E03FB}.Debug|Any CPU.ActiveCfg = Debug|x86
		{7D97C84A-25B6-4274-BA5B-ADF0870E03FB}.Debug|Any CPU.Build.0 = Debug|x86
		{7D97C84A-25B6-4274-BA5B-ADF0870E03FB}.Debug|Any CPU.Deploy.0 = Debug|x86
		{7D97C84A-25B6-4274-BA5B-ADF0870E03FB}.Debug|ARM.ActiveCfg = Debug|ARM
		{7D97C84A-25B6-4274-BA5B-ADF0870E03FB}.Debug|ARM.Build.0 = Debug|ARM
		{7D97C84A-25B6-4274-BA5B-ADF0870E03FB}.Debug|ARM.Deploy.0 = Debug|ARM
		{7D97C84A-25B6-4274-BA5B-ADF0870E03FB}.Debug|iPhone.ActiveCfg = Debug|x86
		{7D97C84A-25B6-4274-BA5B-ADF0870E03FB}.Debug|iPhoneSimulator.ActiveCfg = Debug|x86
		{7D97C84A-25B6-4274-BA5B-ADF0870E03FB}.Debug|x64.ActiveCfg = Debug|x64
		{7D97C84A-25B6-4274-BA5B-ADF0870E03FB}.Debug|x64.Build.0 = Debug|x64
		{7D97C84A-25B6-4274-BA5B-ADF0870E03FB}.Debug|x64.Deploy.0 = Debug|x64
		{7D97C84A-25B6-4274-BA5B-ADF0870E03FB}.Debug|x86.ActiveCfg = Debug|x86
		{7D97C84A-25B6-4274-BA5B-ADF0870E03FB}.Debug|x86.Build.0 = Debug|x86
		{7D97C84A-25B6-4274-BA5B-ADF0870E03FB}.Debug|x86.Deploy.0 = Debug|x86
		{7D97C84A-25B6-4274-BA5B-ADF0870E03FB}.Release|Any CPU.ActiveCfg = Release|x86
		{7D97C84A-25B6-4274-BA5B-ADF0870E03FB}.Release|ARM.ActiveCfg = Release|ARM
		{7D97C84A-25B6-4274-BA5B-ADF0870E03FB}.Release|ARM.Build.0 = Release|ARM
		{7D97C84A-25B6-4274-BA5B-ADF0870E03FB}.Release|ARM.Deploy.0 = Release|ARM
		{7D97C84A-25B6-4274-BA5B-ADF0870E03FB}.Release|iPhone.ActiveCfg = Release|x86
		{7D97C84A-25B6-4274-BA5B-ADF0870E03FB}.Release|iPhoneSimulator.ActiveCfg = Release|x86
		{7D97C84A-25B6-4274-BA5B-ADF0870E03FB}.Release|x64.ActiveCfg = Release|x64
		{7D97C84A-25B6-4274-BA5B-ADF0870E03FB}.Release|x64.Build.0 = Release|x64
		{7D97C84A-25B6-4274-BA5B-ADF0870E03FB}.Release|x64.Deploy.0 = Release|x64
		{7D97C84A-25B6-4274-BA5B-ADF0870E03FB}.Release|x86.ActiveCfg = Release|x86
		{7D97C84A-25B6-4274-BA5B-ADF0870E03FB}.Release|x86.Build.0 = Release|x86
		{7D97C84A-25B6-4274-BA5B-ADF0870E03FB}.Release|x86.Deploy.0 = Release|x86
		{F2F1410B-E876-4502-AA91-4508F3BC63DC}.Ad-Hoc|Any CPU.ActiveCfg = Ad-Hoc|iPhone
		{F2F1410B-E876-4502-AA91-4508F3BC63DC}.Ad-Hoc|ARM.ActiveCfg = Ad-Hoc|iPhone
		{F2F1410B-E876-4502-AA91-4508F3BC63DC}.Ad-Hoc|iPhone.ActiveCfg = Ad-Hoc|iPhone
		{F2F1410B-E876-4502-AA91-4508F3BC63DC}.Ad-Hoc|iPhone.Build.0 = Ad-Hoc|iPhone
		{F2F1410B-E876-4502-AA91-4508F3BC63DC}.Ad-Hoc|iPhoneSimulator.ActiveCfg = Ad-Hoc|iPhoneSimulator
		{F2F1410B-E876-4502-AA91-4508F3BC63DC}.Ad-Hoc|iPhoneSimulator.Build.0 = Ad-Hoc|iPhoneSimulator
		{F2F1410B-E876-4502-AA91-4508F3BC63DC}.Ad-Hoc|x64.ActiveCfg = Ad-Hoc|iPhone
		{F2F1410B-E876-4502-AA91-4508F3BC63DC}.Ad-Hoc|x86.ActiveCfg = Ad-Hoc|iPhone
		{F2F1410B-E876-4502-AA91-4508F3BC63DC}.AppStore|Any CPU.ActiveCfg = AppStore|iPhone
		{F2F1410B-E876-4502-AA91-4508F3BC63DC}.AppStore|ARM.ActiveCfg = AppStore|iPhone
		{F2F1410B-E876-4502-AA91-4508F3BC63DC}.AppStore|iPhone.ActiveCfg = AppStore|iPhone
		{F2F1410B-E876-4502-AA91-4508F3BC63DC}.AppStore|iPhone.Build.0 = AppStore|iPhone
		{F2F1410B-E876-4502-AA91-4508F3BC63DC}.AppStore|iPhoneSimulator.ActiveCfg = AppStore|iPhoneSimulator
		{F2F1410B-E876-4502-AA91-4508F3BC63DC}.AppStore|iPhoneSimulator.Build.0 = AppStore|iPhoneSimulator
		{F2F1410B-E876-4502-AA91-4508F3BC63DC}.AppStore|x64.ActiveCfg = AppStore|iPhone
		{F2F1410B-E876-4502-AA91-4508F3BC63DC}.AppStore|x86.ActiveCfg = AppStore|iPhone
		{F2F1410B-E876-4502-AA91-4508F3BC63DC}.Debug|Any CPU.ActiveCfg = Debug|iPhone
		{F2F1410B-E876-4502-AA91-4508F3BC63DC}.Debug|ARM.ActiveCfg = Debug|iPhone
		{F2F1410B-E876-4502-AA91-4508F3BC63DC}.Debug|iPhone.ActiveCfg = Debug|iPhone
		{F2F1410B-E876-4502-AA91-4508F3BC63DC}.Debug|iPhone.Build.0 = Debug|iPhone
		{F2F1410B-E876-4502-AA91-4508F3BC63DC}.Debug|iPhoneSimulator.ActiveCfg = Debug|iPhoneSimulator
		{F2F1410B-E876-4502-AA91-4508F3BC63DC}.Debug|iPhoneSimulator.Build.0 = Debug|iPhoneSimulator
		{F2F1410B-E876-4502-AA91-4508F3BC63DC}.Debug|x64.ActiveCfg = Debug|iPhone
		{F2F1410B-E876-4502-AA91-4508F3BC63DC}.Debug|x86.ActiveCfg = Debug|iPhone
		{F2F1410B-E876-4502-AA91-4508F3BC63DC}.Release|Any CPU.ActiveCfg = Release|iPhone
		{F2F1410B-E876-4502-AA91-4508F3BC63DC}.Release|ARM.ActiveCfg = Release|iPhone
		{F2F1410B-E876-4502-AA91-4508F3BC63DC}.Release|iPhone.ActiveCfg = Release|iPhone
		{F2F1410B-E876-4502-AA91-4508F3BC63DC}.Release|iPhone.Build.0 = Release|iPhone
		{F2F1410B-E876-4502-AA91-4508F3BC63DC}.Release|iPhoneSimulator.ActiveCfg = Release|iPhoneSimulator
		{F2F1410B-E876-4502-AA91-4508F3BC63DC}.Release|iPhoneSimulator.Build.0 = Release|iPhoneSimulator
		{F2F1410B-E876-4502-AA91-4508F3BC63DC}.Release|x64.ActiveCfg = Release|iPhone
		{F2F1410B-E876-4502-AA91-4508F3BC63DC}.Release|x86.ActiveCfg = Release|iPhone
		{E8542C3B-8A8F-4D7F-BA98-73D8F5CC9658}.Ad-Hoc|Any CPU.ActiveCfg = Release|Any CPU
		{E8542C3B-8A8F-4D7F-BA98-73D8F5CC9658}.Ad-Hoc|Any CPU.Build.0 = Release|Any CPU
		{E8542C3B-8A8F-4D7F-BA98-73D8F5CC9658}.Ad-Hoc|ARM.ActiveCfg = Release|Any CPU
		{E8542C3B-8A8F-4D7F-BA98-73D8F5CC9658}.Ad-Hoc|ARM.Build.0 = Release|Any CPU
		{E8542C3B-8A8F-4D7F-BA98-73D8F5CC9658}.Ad-Hoc|iPhone.ActiveCfg = Release|Any CPU
		{E8542C3B-8A8F-4D7F-BA98-73D8F5CC9658}.Ad-Hoc|iPhone.Build.0 = Release|Any CPU
		{E8542C3B-8A8F-4D7F-BA98-73D8F5CC9658}.Ad-Hoc|iPhoneSimulator.ActiveCfg = Release|Any CPU
		{E8542C3B-8A8F-4D7F-BA98-73D8F5CC9658}.Ad-Hoc|iPhoneSimulator.Build.0 = Release|Any CPU
		{E8542C3B-8A8F-4D7F-BA98-73D8F5CC9658}.Ad-Hoc|x64.ActiveCfg = Release|Any CPU
		{E8542C3B-8A8F-4D7F-BA98-73D8F5CC9658}.Ad-Hoc|x64.Build.0 = Release|Any CPU
		{E8542C3B-8A8F-4D7F-BA98-73D8F5CC9658}.Ad-Hoc|x86.ActiveCfg = Release|Any CPU
		{E8542C3B-8A8F-4D7F-BA98-73D8F5CC9658}.Ad-Hoc|x86.Build.0 = Release|Any CPU
		{E8542C3B-8A8F-4D7F-BA98-73D8F5CC9658}.AppStore|Any CPU.ActiveCfg = Release|Any CPU
		{E8542C3B-8A8F-4D7F-BA98-73D8F5CC9658}.AppStore|Any CPU.Build.0 = Release|Any CPU
		{E8542C3B-8A8F-4D7F-BA98-73D8F5CC9658}.AppStore|ARM.ActiveCfg = Release|Any CPU
		{E8542C3B-8A8F-4D7F-BA98-73D8F5CC9658}.AppStore|ARM.Build.0 = Release|Any CPU
		{E8542C3B-8A8F-4D7F-BA98-73D8F5CC9658}.AppStore|iPhone.ActiveCfg = Release|Any CPU
		{E8542C3B-8A8F-4D7F-BA98-73D8F5CC9658}.AppStore|iPhone.Build.0 = Release|Any CPU
		{E8542C3B-8A8F-4D7F-BA98-73D8F5CC9658}.AppStore|iPhoneSimulator.ActiveCfg = Release|Any CPU
		{E8542C3B-8A8F-4D7F-BA98-73D8F5CC9658}.AppStore|iPhoneSimulator.Build.0 = Release|Any CPU
		{E8542C3B-8A8F-4D7F-BA98-73D8F5CC9658}.AppStore|x64.ActiveCfg = Release|Any CPU
		{E8542C3B-8A8F-4D7F-BA98-73D8F5CC9658}.AppStore|x64.Build.0 = Release|Any CPU
		{E8542C3B-8A8F-4D7F-BA98-73D8F5CC9658}.AppStore|x86.ActiveCfg = Release|Any CPU
		{E8542C3B-8A8F-4D7F-BA98-73D8F5CC9658}.AppStore|x86.Build.0 = Release|Any CPU
		{E8542C3B-8A8F-4D7F-BA98-73D8F5CC9658}.Debug|Any CPU.ActiveCfg = Debug|Any CPU
		{E8542C3B-8A8F-4D7F-BA98-73D8F5CC9658}.Debug|Any CPU.Build.0 = Debug|Any CPU
		{E8542C3B-8A8F-4D7F-BA98-73D8F5CC9658}.Debug|ARM.ActiveCfg = Debug|Any CPU
		{E8542C3B-8A8F-4D7F-BA98-73D8F5CC9658}.Debug|ARM.Build.0 = Debug|Any CPU
		{E8542C3B-8A8F-4D7F-BA98-73D8F5CC9658}.Debug|iPhone.ActiveCfg = Debug|Any CPU
		{E8542C3B-8A8F-4D7F-BA98-73D8F5CC9658}.Debug|iPhone.Build.0 = Debug|Any CPU
		{E8542C3B-8A8F-4D7F-BA98-73D8F5CC9658}.Debug|iPhoneSimulator.ActiveCfg = Debug|Any CPU
		{E8542C3B-8A8F-4D7F-BA98-73D8F5CC9658}.Debug|iPhoneSimulator.Build.0 = Debug|Any CPU
		{E8542C3B-8A8F-4D7F-BA98-73D8F5CC9658}.Debug|x64.ActiveCfg = Debug|Any CPU
		{E8542C3B-8A8F-4D7F-BA98-73D8F5CC9658}.Debug|x64.Build.0 = Debug|Any CPU
		{E8542C3B-8A8F-4D7F-BA98-73D8F5CC9658}.Debug|x86.ActiveCfg = Debug|Any CPU
		{E8542C3B-8A8F-4D7F-BA98-73D8F5CC9658}.Debug|x86.Build.0 = Debug|Any CPU
		{E8542C3B-8A8F-4D7F-BA98-73D8F5CC9658}.Release|Any CPU.ActiveCfg = Release|Any CPU
		{E8542C3B-8A8F-4D7F-BA98-73D8F5CC9658}.Release|Any CPU.Build.0 = Release|Any CPU
		{E8542C3B-8A8F-4D7F-BA98-73D8F5CC9658}.Release|ARM.ActiveCfg = Release|Any CPU
		{E8542C3B-8A8F-4D7F-BA98-73D8F5CC9658}.Release|ARM.Build.0 = Release|Any CPU
		{E8542C3B-8A8F-4D7F-BA98-73D8F5CC9658}.Release|iPhone.ActiveCfg = Release|Any CPU
		{E8542C3B-8A8F-4D7F-BA98-73D8F5CC9658}.Release|iPhone.Build.0 = Release|Any CPU
		{E8542C3B-8A8F-4D7F-BA98-73D8F5CC9658}.Release|iPhoneSimulator.ActiveCfg = Release|Any CPU
		{E8542C3B-8A8F-4D7F-BA98-73D8F5CC9658}.Release|iPhoneSimulator.Build.0 = Release|Any CPU
		{E8542C3B-8A8F-4D7F-BA98-73D8F5CC9658}.Release|x64.ActiveCfg = Release|Any CPU
		{E8542C3B-8A8F-4D7F-BA98-73D8F5CC9658}.Release|x64.Build.0 = Release|Any CPU
		{E8542C3B-8A8F-4D7F-BA98-73D8F5CC9658}.Release|x86.ActiveCfg = Release|Any CPU
		{E8542C3B-8A8F-4D7F-BA98-73D8F5CC9658}.Release|x86.Build.0 = Release|Any CPU
	EndGlobalSection
	GlobalSection(SolutionProperties) = preSolution
		HideSolutionNode = FALSE
	EndGlobalSection
EndGlobal
